
Microsoft Visual Studio Solution File, Format Version 11.00
# Visual Studio 2010
Project("{E24C65DC-7377-472B-9ABA-BC803B73C61A}") = "admission", ".", "{E55A9ABE-5280-4B2C-91F7-AF34FF6DC2A6}"
	ProjectSection(WebsiteProperties) = preProject
		TargetFrameworkMoniker = ".NETFramework,Version%3Dv4.0"
		Debug.AspNetCompiler.VirtualPath = "/admission"
		Debug.AspNetCompiler.PhysicalPath = "..\admission\"
		Debug.AspNetCompiler.TargetPath = "PrecompiledWeb\admission\"
		Debug.AspNetCompiler.Updateable = "true"
		Debug.AspNetCompiler.ForceOverwrite = "true"
		Debug.AspNetCompiler.FixedNames = "false"
		Debug.AspNetCompiler.Debug = "True"
		Release.AspNetCompiler.VirtualPath = "/admission"
		Release.AspNetCompiler.PhysicalPath = "..\admission\"
		Release.AspNetCompiler.TargetPath = "PrecompiledWeb\admission\"
		Release.AspNetCompiler.Updateable = "true"
		Release.AspNetCompiler.ForceOverwrite = "true"
		Release.AspNetCompiler.FixedNames = "false"
		Release.AspNetCompiler.Debug = "False"
		VWDPort = "3313"
	EndProjectSection
EndProject
Global
	GlobalSection(SolutionConfigurationPlatforms) = preSolution
		Debug|Any CPU = Debug|Any CPU
	EndGlobalSection
	GlobalSection(ProjectConfigurationPlatforms) = postSolution
		{E55A9ABE-5280-4B2C-91F7-AF34FF6DC2A6}.Debug|Any CPU.ActiveCfg = Debug|Any CPU
		{E55A9ABE-5280-4B2C-91F7-AF34FF6DC2A6}.Debug|Any CPU.Build.0 = Debug|Any CPU
	EndGlobalSection
	GlobalSection(SolutionProperties) = preSolution
		HideSolutionNode = FALSE
	EndGlobalSection
EndGlobal
